
Microsoft Visual Studio Solution File, Format Version 12.00
# Visual Studio Version 17
VisualStudioVersion = 17.8.34330.188
MinimumVisualStudioVersion = 10.0.40219.1
Project("{FAE04EC0-301F-11D3-BF4B-00C04F79EFBC}") = "bai1", "bai1\bai1.csproj", "{622A7E85-C36B-40E8-A887-9C57A130CC10}"
EndProject
Project("{FAE04EC0-301F-11D3-BF4B-00C04F79EFBC}") = "bai2", "bai2\bai2.csproj", "{8DE486C0-0A20-432C-AC18-CB5D39C40ED1}"
EndProject
Global
	GlobalSection(SolutionConfigurationPlatforms) = preSolution
		Debug|Any CPU = Debug|Any CPU
		Release|Any CPU = Release|Any CPU
	EndGlobalSection
	GlobalSection(ProjectConfigurationPlatforms) = postSolution
		{622A7E85-C36B-40E8-A887-9C57A130CC10}.Debug|Any CPU.ActiveCfg = Debug|Any CPU
		{622A7E85-C36B-40E8-A887-9C57A130CC10}.Debug|Any CPU.Build.0 = Debug|Any CPU
		{622A7E85-C36B-40E8-A887-9C57A130CC10}.Release|Any CPU.ActiveCfg = Release|Any CPU
		{622A7E85-C36B-40E8-A887-9C57A130CC10}.Release|Any CPU.Build.0 = Release|Any CPU
		{8DE486C0-0A20-432C-AC18-CB5D39C40ED1}.Debug|Any CPU.ActiveCfg = Debug|Any CPU
		{8DE486C0-0A20-432C-AC18-CB5D39C40ED1}.Debug|Any CPU.Build.0 = Debug|Any CPU
		{8DE486C0-0A20-432C-AC18-CB5D39C40ED1}.Release|Any CPU.ActiveCfg = Release|Any CPU
		{8DE486C0-0A20-432C-AC18-CB5D39C40ED1}.Release|Any CPU.Build.0 = Release|Any CPU
	EndGlobalSection
	GlobalSection(SolutionProperties) = preSolution
		HideSolutionNode = FALSE
	EndGlobalSection
	GlobalSection(ExtensibilityGlobals) = postSolution
		SolutionGuid = {8477D986-EDE9-47F0-B8C8-584CC6CCC1CC}
	EndGlobalSection
EndGlobal
